{
  "name": "signals",
  "lockfileVersion": 3,
  "requires": true,
  "packages": {
    "": {
      "dependencies": {
        "signal-polyfill": "^0.1.0"
      }
    },
    "node_modules/signal-polyfill": {
      "version": "0.1.0",
      "resolved": "https://registry.npmjs.org/signal-polyfill/-/signal-polyfill-0.1.0.tgz",
      "integrity": "sha512-RMyLaEor0noasIsXmvLfRNf/QeF3eND6A1WErMqJ5ZLc3dpI7aifcZMwwpLafJkGnyLSWraK8gcXaAqxCtxxeg=="
    }
  }
}
